<?xml version="1.0" encoding="utf-8"?>
<Project ToolsVersion="4.0" xmlns="http://schemas.microsoft.com/developer/msbuild/2003">
  <ItemGroup>
    <None Include="shaders\main.frag">
      <Filter>shaders</Filter>
    </None>
    <None Include="shaders\main.vert">
      <Filter>shaders</Filter>
    </None>
    <None Include="kernels\main.cl">
      <Filter>kernels</Filter>
    </None>
    <None Include="tables.inc" />
    <None Include="shaders\normals.frag">
      <Filter>shaders</Filter>
    </None>
    <None Include="shaders\normals.geom">
      <Filter>shaders</Filter>
    </None>
    <None Include="shaders\normals.vert">
      <Filter>shaders</Filter>
    </None>
  </ItemGroup>
  <ItemGroup>
    <Filter Include="shaders">
      <UniqueIdentifier>{a66a942e-36ec-4ffa-b89d-f71d096041b6}</UniqueIdentifier>
    </Filter>
    <Filter Include="kernels">
      <UniqueIdentifier>{4973c645-747d-43ea-a394-871ff331ce1c}</UniqueIdentifier>
    </Filter>
    <Filter Include="math">
      <UniqueIdentifier>{beafefaf-f64c-49c0-a011-1e1af0c38b7a}</UniqueIdentifier>
    </Filter>
    <Filter Include="console">
      <UniqueIdentifier>{a86b28e3-4f04-4788-a387-6b97abf90c65}</UniqueIdentifier>
    </Filter>
    <Filter Include="gl">
      <UniqueIdentifier>{0dd45a57-aff1-41fd-8e13-2d2ae1b45baf}</UniqueIdentifier>
    </Filter>
  </ItemGroup>
  <ItemGroup>
    <ClCompile Include="main.cpp" />
    <ClCompile Include="Camera.cpp" />
    <ClCompile Include="Chunk.cpp" />
    <ClCompile Include="Timer.cpp" />
    <ClCompile Include="World.cpp" />
    <ClCompile Include="utils.cpp" />
    <ClCompile Include="ChunkLoader.cpp" />
    <ClCompile Include="mathlib.cpp">
      <Filter>math</Filter>
    </ClCompile>
    <ClCompile Include="ThreadedCommandConsole.cpp">
      <Filter>console</Filter>
    </ClCompile>
    <ClCompile Include="globals.cpp" />
    <ClCompile Include="Shader.cpp">
      <Filter>gl</Filter>
    </ClCompile>
    <ClCompile Include="Program.cpp">
      <Filter>gl</Filter>
    </ClCompile>
  </ItemGroup>
  <ItemGroup>
    <ClInclude Include="Camera.h" />
    <ClInclude Include="Chunk.h" />
    <ClInclude Include="Timer.h" />
    <ClInclude Include="World.h" />
    <ClInclude Include="utils.h" />
    <ClInclude Include="ChunkLoader.h" />
    <ClInclude Include="mathlib.h">
      <Filter>math</Filter>
    </ClInclude>
    <ClInclude Include="mathtypes.h">
      <Filter>math</Filter>
    </ClInclude>
    <ClInclude Include="ThreadedCommandConsole.h">
      <Filter>console</Filter>
    </ClInclude>
    <ClInclude Include="globals.h" />
    <ClInclude Include="Shader.h">
      <Filter>gl</Filter>
    </ClInclude>
    <ClInclude Include="gl.h">
      <Filter>gl</Filter>
    </ClInclude>
    <ClInclude Include="Program.h">
      <Filter>gl</Filter>
    </ClInclude>
  </ItemGroup>
</Project>